// !$*UTF8*$!
{
	archiveVersion = 1;
	classes = {
	};
	objectVersion = 46;
	objects = {

/* Begin PBXBuildFile section */
		5BBE60681C809EAF006D0595 /* main.m in Sources */ = {isa = PBXBuildFile; fileRef = 5BBE60671C809EAF006D0595 /* main.m */; };
		5BBE606B1C809EAF006D0595 /* AppDelegate.m in Sources */ = {isa = PBXBuildFile; fileRef = 5BBE606A1C809EAF006D0595 /* AppDelegate.m */; };
		5BBE606E1C809EAF006D0595 /* ViewController.m in Sources */ = {isa = PBXBuildFile; fileRef = 5BBE606D1C809EAF006D0595 /* ViewController.m */; };
		5BBE60711C809EAF006D0595 /* Main.storyboard in Resources */ = {isa = PBXBuildFile; fileRef = 5BBE606F1C809EAF006D0595 /* Main.storyboard */; };
		5BBE60731C809EAF006D0595 /* Assets.xcassets in Resources */ = {isa = PBXBuildFile; fileRef = 5BBE60721C809EAF006D0595 /* Assets.xcassets */; };
		5BBE60761C809EAF006D0595 /* LaunchScreen.storyboard in Resources */ = {isa = PBXBuildFile; fileRef = 5BBE60741C809EAF006D0595 /* LaunchScreen.storyboard */; };
		5BBE60831C809EBF006D0595 /* NSObject+Notification.m in Sources */ = {isa = PBXBuildFile; fileRef = 5BBE607F1C809EBF006D0595 /* NSObject+Notification.m */; };
		5BBE60841C809EBF006D0595 /* CALayer+Aniamtion.m in Sources */ = {isa = PBXBuildFile; fileRef = 5BBE60821C809EBF006D0595 /* CALayer+Aniamtion.m */; };
/* End PBXBuildFile section */

/* Begin PBXFileReference section */
		5BBE60631C809EAF006D0595 /* Component.app */ = {isa = PBXFileReference; explicitFileType = wrapper.application; includeInIndex = 0; path = Component.app; sourceTree = BUILT_PRODUCTS_DIR; };
		5BBE60671C809EAF006D0595 /* main.m */ = {isa = PBXFileReference; lastKnownFileType = sourcecode.c.objc; path = main.m; sourceTree = "<group>"; };
		5BBE60691C809EAF006D0595 /* AppDelegate.h */ = {isa = PBXFileReference; lastKnownFileType = sourcecode.c.h; path = AppDelegate.h; sourceTree = "<group>"; };
		5BBE606A1C809EAF006D0595 /* AppDelegate.m */ = {isa = PBXFileReference; lastKnownFileType = sourcecode.c.objc; path = AppDelegate.m; sourceTree = "<group>"; };
		5BBE606C1C809EAF006D0595 /* ViewController.h */ = {isa = PBXFileReference; lastKnownFileType = sourcecode.c.h; path = ViewController.h; sourceTree = "<group>"; };
		5BBE606D1C809EAF006D0595 /* ViewController.m */ = {isa = PBXFileReference; lastKnownFileType = sourcecode.c.objc; path = ViewController.m; sourceTree = "<group>"; };
		5BBE60701C809EAF006D0595 /* Base */ = {isa = PBXFileReference; lastKnownFileType = file.storyboard; name = Base; path = Base.lproj/Main.storyboard; sourceTree = "<group>"; };
		5BBE60721C809EAF006D0595 /* Assets.xcassets */ = {isa = PBXFileReference; lastKnownFileType = folder.assetcatalog; path = Assets.xcassets; sourceTree = "<group>"; };
		5BBE60751C809EAF006D0595 /* Base */ = {isa = PBXFileReference; lastKnownFileType = file.storyboard; name = Base; path = Base.lproj/LaunchScreen.storyboard; sourceTree = "<group>"; };
		5BBE60771C809EAF006D0595 /* Info.plist */ = {isa = PBXFileReference; lastKnownFileType = text.plist.xml; path = Info.plist; sourceTree = "<group>"; };
		5BBE607E1C809EBF006D0595 /* NSObject+Notification.h */ = {isa = PBXFileReference; fileEncoding = 4; lastKnownFileType = sourcecode.c.h; path = "NSObject+Notification.h"; sourceTree = "<group>"; };
		5BBE607F1C809EBF006D0595 /* NSObject+Notification.m */ = {isa = PBXFileReference; fileEncoding = 4; lastKnownFileType = sourcecode.c.objc; path = "NSObject+Notification.m"; sourceTree = "<group>"; };
		5BBE60811C809EBF006D0595 /* CALayer+Aniamtion.h */ = {isa = PBXFileReference; fileEncoding = 4; lastKnownFileType = sourcecode.c.h; path = "CALayer+Aniamtion.h"; sourceTree = "<group>"; };
		5BBE60821C809EBF006D0595 /* CALayer+Aniamtion.m */ = {isa = PBXFileReference; fileEncoding = 4; lastKnownFileType = sourcecode.c.objc; path = "CALayer+Aniamtion.m"; sourceTree = "<group>"; };
/* End PBXFileReference section */

/* Begin PBXFrameworksBuildPhase section */
		5BBE60601C809EAF006D0595 /* Frameworks */ = {
			isa = PBXFrameworksBuildPhase;
			buildActionMask = 2147483647;
			files = (
			);
			runOnlyForDeploymentPostprocessing = 0;
		};
/* End PBXFrameworksBuildPhase section */

/* Begin PBXGroup section */
		5BBE605A1C809EAF006D0595 = {
			isa = PBXGroup;
			children = (
				5BBE60651C809EAF006D0595 /* Component */,
				5BBE60641C809EAF006D0595 /* Products */,
			);
			sourceTree = "<group>";
		};
		5BBE60641C809EAF006D0595 /* Products */ = {
			isa = PBXGroup;
			children = (
				5BBE60631C809EAF006D0595 /* Component.app */,
			);
			name = Products;
			sourceTree = "<group>";
		};
		5BBE60651C809EAF006D0595 /* Component */ = {
			isa = PBXGroup;
			children = (
				5BBE607D1C809EBF006D0595 /* Notification */,
				5BBE60801C809EBF006D0595 /* Animation */,
				5BBE60691C809EAF006D0595 /* AppDelegate.h */,
				5BBE606A1C809EAF006D0595 /* AppDelegate.m */,
				5BBE606C1C809EAF006D0595 /* ViewController.h */,
				5BBE606D1C809EAF006D0595 /* ViewController.m */,
				5BBE606F1C809EAF006D0595 /* Main.storyboard */,
				5BBE60721C809EAF006D0595 /* Assets.xcassets */,
				5BBE60741C809EAF006D0595 /* LaunchScreen.storyboard */,
				5BBE60771C809EAF006D0595 /* Info.plist */,
				5BBE60661C809EAF006D0595 /* Supporting Files */,
			);
			path = Component;
			sourceTree = "<group>";
		};
		5BBE60661C809EAF006D0595 /* Supporting Files */ = {
			isa = PBXGroup;
			children = (
				5BBE60671C809EAF006D0595 /* main.m */,
			);
			name = "Supporting Files";
			sourceTree = "<group>";
		};
		5BBE607D1C809EBF006D0595 /* Notification */ = {
			isa = PBXGroup;
			children = (
				5BBE607E1C809EBF006D0595 /* NSObject+Notification.h */,
				5BBE607F1C809EBF006D0595 /* NSObject+Notification.m */,
			);
			path = Notification;
			sourceTree = "<group>";
		};
		5BBE60801C809EBF006D0595 /* Animation */ = {
			isa = PBXGroup;
			children = (
				5BBE60811C809EBF006D0595 /* CALayer+Aniamtion.h */,
				5BBE60821C809EBF006D0595 /* CALayer+Aniamtion.m */,
			);
			path = Animation;
			sourceTree = "<group>";
		};
/* End PBXGroup section */

/* Begin PBXNativeTarget section */
		5BBE60621C809EAF006D0595 /* Component */ = {
			isa = PBXNativeTarget;
			buildConfigurationList = 5BBE607A1C809EAF006D0595 /* Build configuration list for PBXNativeTarget "Component" */;
			buildPhases = (
				5BBE605F1C809EAF006D0595 /* Sources */,
				5BBE60601C809EAF006D0595 /* Frameworks */,
				5BBE60611C809EAF006D0595 /* Resources */,
			);
			buildRules = (
			);
			dependencies = (
			);
			name = Component;
			productName = Component;
			productReference = 5BBE60631C809EAF006D0595 /* Component.app */;
			productType = "com.apple.product-type.application";
		};
/* End PBXNativeTarget section */

/* Begin PBXProject section */
		5BBE605B1C809EAF006D0595 /* Project object */ = {
			isa = PBXProject;
			attributes = {
				LastUpgradeCheck = 0720;
				ORGANIZATIONNAME = PingAn;
				TargetAttributes = {
					5BBE60621C809EAF006D0595 = {
						CreatedOnToolsVersion = 7.2;
					};
				};
			};
			buildConfigurationList = 5BBE605E1C809EAF006D0595 /* Build configuration list for PBXProject "Component" */;
			compatibilityVersion = "Xcode 3.2";
			developmentRegion = English;
			hasScannedForEncodings = 0;
			knownRegions = (
				en,
				Base,
			);
			mainGroup = 5BBE605A1C809EAF006D0595;
			productRefGroup = 5BBE60641C809EAF006D0595 /* Products */;
			projectDirPath = "";
			projectRoot = "";
			targets = (
				5BBE60621C809EAF006D0595 /* Component */,
			);
		};
/* End PBXProject section */

/* Begin PBXResourcesBuildPhase section */
		5BBE60611C809EAF006D0595 /* Resources */ = {
			isa = PBXResourcesBuildPhase;
			buildActionMask = 2147483647;
			files = (
				5BBE60761C809EAF006D0595 /* LaunchScreen.storyboard in Resources */,
				5BBE60731C809EAF006D0595 /* Assets.xcassets in Resources */,
				5BBE60711C809EAF006D0595 /* Main.storyboard in Resources */,
			);
			runOnlyForDeploymentPostprocessing = 0;
		};
/* End PBXResourcesBuildPhase section */

/* Begin PBXSourcesBuildPhase section */
		5BBE605F1C809EAF006D0595 /* Sources */ = {
			isa = PBXSourcesBuildPhase;
			buildActionMask = 2147483647;
			files = (
				5BBE60831C809EBF006D0595 /* NSObject+Notification.m in Sources */,
				5BBE606E1C809EAF006D0595 /* ViewController.m in Sources */,
				5BBE606B1C809EAF006D0595 /* AppDelegate.m in Sources */,
				5BBE60841C809EBF006D0595 /* CALayer+Aniamtion.m in Sources */,
				5BBE60681C809EAF006D0595 /* main.m in Sources */,
			);
			runOnlyForDeploymentPostprocessing = 0;
		};
/* End PBXSourcesBuildPhase section */

/* Begin PBXVariantGroup section */
		5BBE606F1C809EAF006D0595 /* Main.storyboard */ = {
			isa = PBXVariantGroup;
			children = (
				5BBE60701C809EAF006D0595 /* Base */,
			);
			name = Main.storyboard;
			sourceTree = "<group>";
		};
		5BBE60741C809EAF006D0595 /* LaunchScreen.storyboard */ = {
			isa = PBXVariantGroup;
			children = (
				5BBE60751C809EAF006D0595 /* Base */,
			);
			name = LaunchScreen.storyboard;
			sourceTree = "<group>";
		};
/* End PBXVariantGroup section */

/* Begin XCBuildConfiguration section */
		5BBE60781C809EAF006D0595 /* Debug */ = {
			isa = XCBuildConfiguration;
			buildSettings = {
				ALWAYS_SEARCH_USER_PATHS = NO;
				CLANG_CXX_LANGUAGE_STANDARD = "gnu++0x";
				CLANG_CXX_LIBRARY = "libc++";
				CLANG_ENABLE_MODULES = YES;
				CLANG_ENABLE_OBJC_ARC = YES;
				CLANG_WARN_BOOL_CONVERSION = YES;
				CLANG_WARN_CONSTANT_CONVERSION = YES;
				CLANG_WARN_DIRECT_OBJC_ISA_USAGE = YES_ERROR;
				CLANG_WARN_EMPTY_BODY = YES;
				CLANG_WARN_ENUM_CONVERSION = YES;
				CLANG_WARN_INT_CONVERSION = YES;
				CLANG_WARN_OBJC_ROOT_CLASS = YES_ERROR;
				CLANG_WARN_UNREACHABLE_CODE = YES;
				CLANG_WARN__DUPLICATE_METHOD_MATCH = YES;
				"CODE_SIGN_IDENTITY[sdk=iphoneos*]" = "iPhone Developer";
				COPY_PHASE_STRIP = NO;
				DEBUG_INFORMATION_FORMAT = dwarf;
				ENABLE_STRICT_OBJC_MSGSEND = YES;
				ENABLE_TESTABILITY = YES;
				GCC_C_LANGUAGE_STANDARD = gnu99;
				GCC_DYNAMIC_NO_PIC = NO;
				GCC_NO_COMMON_BLOCKS = YES;
				GCC_OPTIMIZATION_LEVEL = 0;
				GCC_PREPROCESSOR_DEFINITIONS = (
					"DEBUG=1",
					"$(inherited)",
				);
				GCC_WARN_64_TO_32_BIT_CONVERSION = YES;
				GCC_WARN_ABOUT_RETURN_TYPE = YES_ERROR;
				GCC_WARN_UNDECLARED_SELECTOR = YES;
				GCC_WARN_UNINITIALIZED_AUTOS = YES_AGGRESSIVE;
				GCC_WARN_UNUSED_FUNCTION = YES;
				GCC_WARN_UNUSED_VARIABLE = YES;
				IPHONEOS_DEPLOYMENT_TARGET = 9.2;
				MTL_ENABLE_DEBUG_INFO = YES;
				ONLY_ACTIVE_ARCH = YES;
				SDKROOT = iphoneos;
				TARGETED_DEVICE_FAMILY = "1,2";
			};
			name = Debug;
		};
		5BBE60791C809EAF006D0595 /* Release */ = {
			isa = XCBuildConfiguration;
			buildSettings = {
				ALWAYS_SEARCH_USER_PATHS = NO;
				CLANG_CXX_LANGUAGE_STANDARD = "gnu++0x";
				CLANG_CXX_LIBRARY = "libc++";
				CLANG_ENABLE_MODULES = YES;
				CLANG_ENABLE_OBJC_ARC = YES;
				CLANG_WARN_BOOL_CONVERSION = YES;
				CLANG_WARN_CONSTANT_CONVERSION = YES;
				CLANG_WARN_DIRECT_OBJC_ISA_USAGE = YES_ERROR;
				CLANG_WARN_EMPTY_BODY = YES;
				CLANG_WARN_ENUM_CONVERSION = YES;
				CLANG_WARN_INT_CONVERSION = YES;
				CLANG_WARN_OBJC_ROOT_CLASS = YES_ERROR;
				CLANG_WARN_UNREACHABLE_CODE = YES;
				CLANG_WARN__DUPLICATE_METHOD_MATCH = YES;
				"CODE_SIGN_IDENTITY[sdk=iphoneos*]" = "iPhone Developer";
				COPY_PHASE_STRIP = NO;
				DEBUG_INFORMATION_FORMAT = "dwarf-with-dsym";
				ENABLE_NS_ASSERTIONS = NO;
				ENABLE_STRICT_OBJC_MSGSEND = YES;
				GCC_C_LANGUAGE_STANDARD = gnu99;
				GCC_NO_COMMON_BLOCKS = YES;
				GCC_WARN_64_TO_32_BIT_CONVERSION = YES;
				GCC_WARN_ABOUT_RETURN_TYPE = YES_ERROR;
				GCC_WARN_UNDECLARED_SELECTOR = YES;
				GCC_WARN_UNINITIALIZED_AUTOS = YES_AGGRESSIVE;
				GCC_WARN_UNUSED_FUNCTION = YES;
				GCC_WARN_UNUSED_VARIABLE = YES;
				IPHONEOS_DEPLOYMENT_TARGET = 9.2;
				MTL_ENABLE_DEBUG_INFO = NO;
				SDKROOT = iphoneos;
				TARGETED_DEVICE_FAMILY = "1,2";
				VALIDATE_PRODUCT = YES;
			};
			name = Release;
		};
		5BBE607B1C809EAF006D0595 /* Debug */ = {
			isa = XCBuildConfiguration;
			buildSettings = {
				ASSETCATALOG_COMPILER_APPICON_NAME = AppIcon;
				CODE_SIGN_IDENTITY = "iPhone Developer";
				INFOPLIST_FILE = Component/Info.plist;
				LD_RUNPATH_SEARCH_PATHS = "$(inherited) @executable_path/Frameworks";
				PRODUCT_BUNDLE_IDENTIFIER = com.pingan.Component;
				PRODUCT_NAME = "$(TARGET_NAME)";
			};
			name = Debug;
		};
		5BBE607C1C809EAF006D0595 /* Release */ = {
			isa = XCBuildConfiguration;
			buildSettings = {
				ASSETCATALOG_COMPILER_APPICON_NAME = AppIcon;
				CODE_SIGN_IDENTITY = "iPhone Developer";
				INFOPLIST_FILE = Component/Info.plist;
				LD_RUNPATH_SEARCH_PATHS = "$(inherited) @executable_path/Frameworks";
				PRODUCT_BUNDLE_IDENTIFIER = com.pingan.Component;
				PRODUCT_NAME = "$(TARGET_NAME)";
			};
			name = Release;
		};
/* End XCBuildConfiguration section */

/* Begin XCConfigurationList section */
		5BBE605E1C809EAF006D0595 /* Build configuration list for PBXProject "Component" */ = {
			isa = XCConfigurationList;
			buildConfigurations = (
				5BBE60781C809EAF006D0595 /* Debug */,
				5BBE60791C809EAF006D0595 /* Release */,
			);
			defaultConfigurationIsVisible = 0;
			defaultConfigurationName = Release;
		};
		5BBE607A1C809EAF006D0595 /* Build configuration list for PBXNativeTarget "Component" */ = {
			isa = XCConfigurationList;
			buildConfigurations = (
				5BBE607B1C809EAF006D0595 /* Debug */,
				5BBE607C1C809EAF006D0595 /* Release */,
			);
			defaultConfigurationIsVisible = 0;
		};
/* End XCConfigurationList section */
	};
	rootObject = 5BBE605B1C809EAF006D0595 /* Project object */;
}
