// !$*UTF8*$!
{
	archiveVersion = 1;
	classes = {
	};
	objectVersion = 46;
	objects = {

/* Begin PBXBuildFile section */
		5B24E3411C87D8AB00F1A521 /* NSArray+Safe.m in Sources */ = {isa = PBXBuildFile; fileRef = 5B24E33E1C87D8AB00F1A521 /* NSArray+Safe.m */; };
		5B24E3421C87D8AB00F1A521 /* NSMutableArray+Safe.m in Sources */ = {isa = PBXBuildFile; fileRef = 5B24E3401C87D8AB00F1A521 /* NSMutableArray+Safe.m */; };
		5B24E3451C87D9AE00F1A521 /* SwizzleCollectionMethod.m in Sources */ = {isa = PBXBuildFile; fileRef = 5B24E3441C87D9AE00F1A521 /* SwizzleCollectionMethod.m */; };
		5B24E3481C87EC2000F1A521 /* NSMutableDictionary+Safe.m in Sources */ = {isa = PBXBuildFile; fileRef = 5B24E3471C87EC2000F1A521 /* NSMutableDictionary+Safe.m */; };
		5B24E39E1C87ED5B00F1A521 /* NSDictionary+Safe.m in Sources */ = {isa = PBXBuildFile; fileRef = 5B24E39D1C87ED5B00F1A521 /* NSDictionary+Safe.m */; };
		5B24E3A11C883B4E00F1A521 /* NSTimer+Weak.m in Sources */ = {isa = PBXBuildFile; fileRef = 5B24E3A01C883B4E00F1A521 /* NSTimer+Weak.m */; };
		5B24E3AB1C88447300F1A521 /* LoadMoreView.m in Sources */ = {isa = PBXBuildFile; fileRef = 5B24E3A41C88447300F1A521 /* LoadMoreView.m */; };
		5B24E3AC1C88447300F1A521 /* PullView.m in Sources */ = {isa = PBXBuildFile; fileRef = 5B24E3A61C88447300F1A521 /* PullView.m */; };
		5B24E3AD1C88447300F1A521 /* RefreshView.m in Sources */ = {isa = PBXBuildFile; fileRef = 5B24E3A81C88447300F1A521 /* RefreshView.m */; };
		5B24E3AE1C88447300F1A521 /* RefreshViewController.m in Sources */ = {isa = PBXBuildFile; fileRef = 5B24E3AA1C88447300F1A521 /* RefreshViewController.m */; };
		5B24E3B11C88449900F1A521 /* UIView+Coordinate.m in Sources */ = {isa = PBXBuildFile; fileRef = 5B24E3B01C88449900F1A521 /* UIView+Coordinate.m */; };
		5BBE60681C809EAF006D0595 /* main.m in Sources */ = {isa = PBXBuildFile; fileRef = 5BBE60671C809EAF006D0595 /* main.m */; };
		5BBE606B1C809EAF006D0595 /* AppDelegate.m in Sources */ = {isa = PBXBuildFile; fileRef = 5BBE606A1C809EAF006D0595 /* AppDelegate.m */; };
		5BBE606E1C809EAF006D0595 /* ViewController.m in Sources */ = {isa = PBXBuildFile; fileRef = 5BBE606D1C809EAF006D0595 /* ViewController.m */; };
		5BBE60711C809EAF006D0595 /* Main.storyboard in Resources */ = {isa = PBXBuildFile; fileRef = 5BBE606F1C809EAF006D0595 /* Main.storyboard */; };
		5BBE60731C809EAF006D0595 /* Assets.xcassets in Resources */ = {isa = PBXBuildFile; fileRef = 5BBE60721C809EAF006D0595 /* Assets.xcassets */; };
		5BBE60761C809EAF006D0595 /* LaunchScreen.storyboard in Resources */ = {isa = PBXBuildFile; fileRef = 5BBE60741C809EAF006D0595 /* LaunchScreen.storyboard */; };
		5BBE610D1C85536E006D0595 /* CALayer+Aniamtion.m in Sources */ = {isa = PBXBuildFile; fileRef = 5BBE61021C85536E006D0595 /* CALayer+Aniamtion.m */; };
		5BBE61101C85536E006D0595 /* NSObject+MethodSafe.m in Sources */ = {isa = PBXBuildFile; fileRef = 5BBE61081C85536E006D0595 /* NSObject+MethodSafe.m */; };
		5BBE61111C85536E006D0595 /* NSObject+Notification.m in Sources */ = {isa = PBXBuildFile; fileRef = 5BBE610A1C85536E006D0595 /* NSObject+Notification.m */; };
		5BBE61121C85536E006D0595 /* NSObject+SwizzleMethod.m in Sources */ = {isa = PBXBuildFile; fileRef = 5BBE610C1C85536E006D0595 /* NSObject+SwizzleMethod.m */; };
/* End PBXBuildFile section */

/* Begin PBXFileReference section */
		5B24E33D1C87D8AB00F1A521 /* NSArray+Safe.h */ = {isa = PBXFileReference; fileEncoding = 4; lastKnownFileType = sourcecode.c.h; path = "NSArray+Safe.h"; sourceTree = "<group>"; };
		5B24E33E1C87D8AB00F1A521 /* NSArray+Safe.m */ = {isa = PBXFileReference; fileEncoding = 4; lastKnownFileType = sourcecode.c.objc; path = "NSArray+Safe.m"; sourceTree = "<group>"; };
		5B24E33F1C87D8AB00F1A521 /* NSMutableArray+Safe.h */ = {isa = PBXFileReference; fileEncoding = 4; lastKnownFileType = sourcecode.c.h; path = "NSMutableArray+Safe.h"; sourceTree = "<group>"; };
		5B24E3401C87D8AB00F1A521 /* NSMutableArray+Safe.m */ = {isa = PBXFileReference; fileEncoding = 4; lastKnownFileType = sourcecode.c.objc; path = "NSMutableArray+Safe.m"; sourceTree = "<group>"; };
		5B24E3431C87D9AE00F1A521 /* SwizzleCollectionMethod.h */ = {isa = PBXFileReference; fileEncoding = 4; lastKnownFileType = sourcecode.c.h; path = SwizzleCollectionMethod.h; sourceTree = "<group>"; };
		5B24E3441C87D9AE00F1A521 /* SwizzleCollectionMethod.m */ = {isa = PBXFileReference; fileEncoding = 4; lastKnownFileType = sourcecode.c.objc; path = SwizzleCollectionMethod.m; sourceTree = "<group>"; };
		5B24E3461C87EC2000F1A521 /* NSMutableDictionary+Safe.h */ = {isa = PBXFileReference; fileEncoding = 4; lastKnownFileType = sourcecode.c.h; path = "NSMutableDictionary+Safe.h"; sourceTree = "<group>"; };
		5B24E3471C87EC2000F1A521 /* NSMutableDictionary+Safe.m */ = {isa = PBXFileReference; fileEncoding = 4; lastKnownFileType = sourcecode.c.objc; path = "NSMutableDictionary+Safe.m"; sourceTree = "<group>"; };
		5B24E39C1C87ED5B00F1A521 /* NSDictionary+Safe.h */ = {isa = PBXFileReference; fileEncoding = 4; lastKnownFileType = sourcecode.c.h; path = "NSDictionary+Safe.h"; sourceTree = "<group>"; };
		5B24E39D1C87ED5B00F1A521 /* NSDictionary+Safe.m */ = {isa = PBXFileReference; fileEncoding = 4; lastKnownFileType = sourcecode.c.objc; path = "NSDictionary+Safe.m"; sourceTree = "<group>"; };
		5B24E39F1C883B4E00F1A521 /* NSTimer+Weak.h */ = {isa = PBXFileReference; fileEncoding = 4; lastKnownFileType = sourcecode.c.h; path = "NSTimer+Weak.h"; sourceTree = "<group>"; };
		5B24E3A01C883B4E00F1A521 /* NSTimer+Weak.m */ = {isa = PBXFileReference; fileEncoding = 4; lastKnownFileType = sourcecode.c.objc; path = "NSTimer+Weak.m"; sourceTree = "<group>"; };
		5B24E3A31C88447300F1A521 /* LoadMoreView.h */ = {isa = PBXFileReference; fileEncoding = 4; lastKnownFileType = sourcecode.c.h; path = LoadMoreView.h; sourceTree = "<group>"; };
		5B24E3A41C88447300F1A521 /* LoadMoreView.m */ = {isa = PBXFileReference; fileEncoding = 4; lastKnownFileType = sourcecode.c.objc; path = LoadMoreView.m; sourceTree = "<group>"; };
		5B24E3A51C88447300F1A521 /* PullView.h */ = {isa = PBXFileReference; fileEncoding = 4; lastKnownFileType = sourcecode.c.h; path = PullView.h; sourceTree = "<group>"; };
		5B24E3A61C88447300F1A521 /* PullView.m */ = {isa = PBXFileReference; fileEncoding = 4; lastKnownFileType = sourcecode.c.objc; path = PullView.m; sourceTree = "<group>"; };
		5B24E3A71C88447300F1A521 /* RefreshView.h */ = {isa = PBXFileReference; fileEncoding = 4; lastKnownFileType = sourcecode.c.h; path = RefreshView.h; sourceTree = "<group>"; };
		5B24E3A81C88447300F1A521 /* RefreshView.m */ = {isa = PBXFileReference; fileEncoding = 4; lastKnownFileType = sourcecode.c.objc; path = RefreshView.m; sourceTree = "<group>"; };
		5B24E3A91C88447300F1A521 /* RefreshViewController.h */ = {isa = PBXFileReference; fileEncoding = 4; lastKnownFileType = sourcecode.c.h; path = RefreshViewController.h; sourceTree = "<group>"; };
		5B24E3AA1C88447300F1A521 /* RefreshViewController.m */ = {isa = PBXFileReference; fileEncoding = 4; lastKnownFileType = sourcecode.c.objc; path = RefreshViewController.m; sourceTree = "<group>"; };
		5B24E3AF1C88449900F1A521 /* UIView+Coordinate.h */ = {isa = PBXFileReference; fileEncoding = 4; lastKnownFileType = sourcecode.c.h; path = "UIView+Coordinate.h"; sourceTree = "<group>"; };
		5B24E3B01C88449900F1A521 /* UIView+Coordinate.m */ = {isa = PBXFileReference; fileEncoding = 4; lastKnownFileType = sourcecode.c.objc; path = "UIView+Coordinate.m"; sourceTree = "<group>"; };
		5BBE60631C809EAF006D0595 /* Component.app */ = {isa = PBXFileReference; explicitFileType = wrapper.application; includeInIndex = 0; path = Component.app; sourceTree = BUILT_PRODUCTS_DIR; };
		5BBE60671C809EAF006D0595 /* main.m */ = {isa = PBXFileReference; lastKnownFileType = sourcecode.c.objc; path = main.m; sourceTree = "<group>"; };
		5BBE60691C809EAF006D0595 /* AppDelegate.h */ = {isa = PBXFileReference; lastKnownFileType = sourcecode.c.h; path = AppDelegate.h; sourceTree = "<group>"; };
		5BBE606A1C809EAF006D0595 /* AppDelegate.m */ = {isa = PBXFileReference; lastKnownFileType = sourcecode.c.objc; path = AppDelegate.m; sourceTree = "<group>"; };
		5BBE606C1C809EAF006D0595 /* ViewController.h */ = {isa = PBXFileReference; lastKnownFileType = sourcecode.c.h; path = ViewController.h; sourceTree = "<group>"; };
		5BBE606D1C809EAF006D0595 /* ViewController.m */ = {isa = PBXFileReference; lastKnownFileType = sourcecode.c.objc; path = ViewController.m; sourceTree = "<group>"; };
		5BBE60701C809EAF006D0595 /* Base */ = {isa = PBXFileReference; lastKnownFileType = file.storyboard; name = Base; path = Base.lproj/Main.storyboard; sourceTree = "<group>"; };
		5BBE60721C809EAF006D0595 /* Assets.xcassets */ = {isa = PBXFileReference; lastKnownFileType = folder.assetcatalog; path = Assets.xcassets; sourceTree = "<group>"; };
		5BBE60751C809EAF006D0595 /* Base */ = {isa = PBXFileReference; lastKnownFileType = file.storyboard; name = Base; path = Base.lproj/LaunchScreen.storyboard; sourceTree = "<group>"; };
		5BBE60771C809EAF006D0595 /* Info.plist */ = {isa = PBXFileReference; lastKnownFileType = text.plist.xml; path = Info.plist; sourceTree = "<group>"; };
		5BBE61011C85536E006D0595 /* CALayer+Aniamtion.h */ = {isa = PBXFileReference; fileEncoding = 4; lastKnownFileType = sourcecode.c.h; path = "CALayer+Aniamtion.h"; sourceTree = "<group>"; };
		5BBE61021C85536E006D0595 /* CALayer+Aniamtion.m */ = {isa = PBXFileReference; fileEncoding = 4; lastKnownFileType = sourcecode.c.objc; path = "CALayer+Aniamtion.m"; sourceTree = "<group>"; };
		5BBE61071C85536E006D0595 /* NSObject+MethodSafe.h */ = {isa = PBXFileReference; fileEncoding = 4; lastKnownFileType = sourcecode.c.h; path = "NSObject+MethodSafe.h"; sourceTree = "<group>"; };
		5BBE61081C85536E006D0595 /* NSObject+MethodSafe.m */ = {isa = PBXFileReference; fileEncoding = 4; lastKnownFileType = sourcecode.c.objc; path = "NSObject+MethodSafe.m"; sourceTree = "<group>"; };
		5BBE61091C85536E006D0595 /* NSObject+Notification.h */ = {isa = PBXFileReference; fileEncoding = 4; lastKnownFileType = sourcecode.c.h; path = "NSObject+Notification.h"; sourceTree = "<group>"; };
		5BBE610A1C85536E006D0595 /* NSObject+Notification.m */ = {isa = PBXFileReference; fileEncoding = 4; lastKnownFileType = sourcecode.c.objc; path = "NSObject+Notification.m"; sourceTree = "<group>"; };
		5BBE610B1C85536E006D0595 /* NSObject+SwizzleMethod.h */ = {isa = PBXFileReference; fileEncoding = 4; lastKnownFileType = sourcecode.c.h; path = "NSObject+SwizzleMethod.h"; sourceTree = "<group>"; };
		5BBE610C1C85536E006D0595 /* NSObject+SwizzleMethod.m */ = {isa = PBXFileReference; fileEncoding = 4; lastKnownFileType = sourcecode.c.objc; path = "NSObject+SwizzleMethod.m"; sourceTree = "<group>"; };
/* End PBXFileReference section */

/* Begin PBXFrameworksBuildPhase section */
		5BBE60601C809EAF006D0595 /* Frameworks */ = {
			isa = PBXFrameworksBuildPhase;
			buildActionMask = 2147483647;
			files = (
			);
			runOnlyForDeploymentPostprocessing = 0;
		};
/* End PBXFrameworksBuildPhase section */

/* Begin PBXGroup section */
		5B24E33C1C87D8AB00F1A521 /* Collection */ = {
			isa = PBXGroup;
			children = (
				5B24E3431C87D9AE00F1A521 /* SwizzleCollectionMethod.h */,
				5B24E3441C87D9AE00F1A521 /* SwizzleCollectionMethod.m */,
				5B24E33D1C87D8AB00F1A521 /* NSArray+Safe.h */,
				5B24E33E1C87D8AB00F1A521 /* NSArray+Safe.m */,
				5B24E33F1C87D8AB00F1A521 /* NSMutableArray+Safe.h */,
				5B24E3401C87D8AB00F1A521 /* NSMutableArray+Safe.m */,
				5B24E39C1C87ED5B00F1A521 /* NSDictionary+Safe.h */,
				5B24E39D1C87ED5B00F1A521 /* NSDictionary+Safe.m */,
				5B24E3461C87EC2000F1A521 /* NSMutableDictionary+Safe.h */,
				5B24E3471C87EC2000F1A521 /* NSMutableDictionary+Safe.m */,
			);
			path = Collection;
			sourceTree = "<group>";
		};
		5B24E3A21C88447300F1A521 /* Refresh */ = {
			isa = PBXGroup;
			children = (
				5B24E3A51C88447300F1A521 /* PullView.h */,
				5B24E3A61C88447300F1A521 /* PullView.m */,
				5B24E3A31C88447300F1A521 /* LoadMoreView.h */,
				5B24E3A41C88447300F1A521 /* LoadMoreView.m */,
				5B24E3A71C88447300F1A521 /* RefreshView.h */,
				5B24E3A81C88447300F1A521 /* RefreshView.m */,
				5B24E3A91C88447300F1A521 /* RefreshViewController.h */,
				5B24E3AA1C88447300F1A521 /* RefreshViewController.m */,
			);
			path = Refresh;
			sourceTree = "<group>";
		};
		5BBE605A1C809EAF006D0595 = {
			isa = PBXGroup;
			children = (
				5BBE60651C809EAF006D0595 /* Component */,
				5BBE60641C809EAF006D0595 /* Products */,
			);
			sourceTree = "<group>";
		};
		5BBE60641C809EAF006D0595 /* Products */ = {
			isa = PBXGroup;
			children = (
				5BBE60631C809EAF006D0595 /* Component.app */,
			);
			name = Products;
			sourceTree = "<group>";
		};
		5BBE60651C809EAF006D0595 /* Component */ = {
			isa = PBXGroup;
			children = (
				5BBE60851C81E108006D0595 /* Foundation */,
				5BBE60691C809EAF006D0595 /* AppDelegate.h */,
				5BBE606A1C809EAF006D0595 /* AppDelegate.m */,
				5BBE606C1C809EAF006D0595 /* ViewController.h */,
				5BBE606D1C809EAF006D0595 /* ViewController.m */,
				5BBE606F1C809EAF006D0595 /* Main.storyboard */,
				5BBE60721C809EAF006D0595 /* Assets.xcassets */,
				5BBE60741C809EAF006D0595 /* LaunchScreen.storyboard */,
				5BBE60771C809EAF006D0595 /* Info.plist */,
				5BBE60661C809EAF006D0595 /* Supporting Files */,
			);
			path = Component;
			sourceTree = "<group>";
		};
		5BBE60661C809EAF006D0595 /* Supporting Files */ = {
			isa = PBXGroup;
			children = (
				5BBE60671C809EAF006D0595 /* main.m */,
			);
			name = "Supporting Files";
			sourceTree = "<group>";
		};
		5BBE60851C81E108006D0595 /* Foundation */ = {
			isa = PBXGroup;
			children = (
				5B24E3A21C88447300F1A521 /* Refresh */,
				5BBE61001C85536E006D0595 /* Extension */,
			);
			path = Foundation;
			sourceTree = "<group>";
		};
		5BBE61001C85536E006D0595 /* Extension */ = {
			isa = PBXGroup;
			children = (
				5B24E33C1C87D8AB00F1A521 /* Collection */,
				5BBE61011C85536E006D0595 /* CALayer+Aniamtion.h */,
				5BBE61021C85536E006D0595 /* CALayer+Aniamtion.m */,
				5BBE61071C85536E006D0595 /* NSObject+MethodSafe.h */,
				5BBE61081C85536E006D0595 /* NSObject+MethodSafe.m */,
				5BBE61091C85536E006D0595 /* NSObject+Notification.h */,
				5BBE610A1C85536E006D0595 /* NSObject+Notification.m */,
				5BBE610B1C85536E006D0595 /* NSObject+SwizzleMethod.h */,
				5BBE610C1C85536E006D0595 /* NSObject+SwizzleMethod.m */,
				5B24E39F1C883B4E00F1A521 /* NSTimer+Weak.h */,
				5B24E3A01C883B4E00F1A521 /* NSTimer+Weak.m */,
				5B24E3AF1C88449900F1A521 /* UIView+Coordinate.h */,
				5B24E3B01C88449900F1A521 /* UIView+Coordinate.m */,
			);
			path = Extension;
			sourceTree = "<group>";
		};
/* End PBXGroup section */

/* Begin PBXNativeTarget section */
		5BBE60621C809EAF006D0595 /* Component */ = {
			isa = PBXNativeTarget;
			buildConfigurationList = 5BBE607A1C809EAF006D0595 /* Build configuration list for PBXNativeTarget "Component" */;
			buildPhases = (
				5BBE605F1C809EAF006D0595 /* Sources */,
				5BBE60601C809EAF006D0595 /* Frameworks */,
				5BBE60611C809EAF006D0595 /* Resources */,
			);
			buildRules = (
			);
			dependencies = (
			);
			name = Component;
			productName = Component;
			productReference = 5BBE60631C809EAF006D0595 /* Component.app */;
			productType = "com.apple.product-type.application";
		};
/* End PBXNativeTarget section */

/* Begin PBXProject section */
		5BBE605B1C809EAF006D0595 /* Project object */ = {
			isa = PBXProject;
			attributes = {
				LastUpgradeCheck = 0720;
				ORGANIZATIONNAME = PingAn;
				TargetAttributes = {
					5BBE60621C809EAF006D0595 = {
						CreatedOnToolsVersion = 7.2;
					};
				};
			};
			buildConfigurationList = 5BBE605E1C809EAF006D0595 /* Build configuration list for PBXProject "Component" */;
			compatibilityVersion = "Xcode 3.2";
			developmentRegion = English;
			hasScannedForEncodings = 0;
			knownRegions = (
				en,
				Base,
			);
			mainGroup = 5BBE605A1C809EAF006D0595;
			productRefGroup = 5BBE60641C809EAF006D0595 /* Products */;
			projectDirPath = "";
			projectRoot = "";
			targets = (
				5BBE60621C809EAF006D0595 /* Component */,
			);
		};
/* End PBXProject section */

/* Begin PBXResourcesBuildPhase section */
		5BBE60611C809EAF006D0595 /* Resources */ = {
			isa = PBXResourcesBuildPhase;
			buildActionMask = 2147483647;
			files = (
				5BBE60761C809EAF006D0595 /* LaunchScreen.storyboard in Resources */,
				5BBE60731C809EAF006D0595 /* Assets.xcassets in Resources */,
				5BBE60711C809EAF006D0595 /* Main.storyboard in Resources */,
			);
			runOnlyForDeploymentPostprocessing = 0;
		};
/* End PBXResourcesBuildPhase section */

/* Begin PBXSourcesBuildPhase section */
		5BBE605F1C809EAF006D0595 /* Sources */ = {
			isa = PBXSourcesBuildPhase;
			buildActionMask = 2147483647;
			files = (
				5BBE606E1C809EAF006D0595 /* ViewController.m in Sources */,
				5B24E3AB1C88447300F1A521 /* LoadMoreView.m in Sources */,
				5B24E3B11C88449900F1A521 /* UIView+Coordinate.m in Sources */,
				5B24E3AD1C88447300F1A521 /* RefreshView.m in Sources */,
				5BBE61101C85536E006D0595 /* NSObject+MethodSafe.m in Sources */,
				5BBE61111C85536E006D0595 /* NSObject+Notification.m in Sources */,
				5B24E3451C87D9AE00F1A521 /* SwizzleCollectionMethod.m in Sources */,
				5B24E3411C87D8AB00F1A521 /* NSArray+Safe.m in Sources */,
				5B24E3AC1C88447300F1A521 /* PullView.m in Sources */,
				5BBE61121C85536E006D0595 /* NSObject+SwizzleMethod.m in Sources */,
				5B24E3421C87D8AB00F1A521 /* NSMutableArray+Safe.m in Sources */,
				5B24E3481C87EC2000F1A521 /* NSMutableDictionary+Safe.m in Sources */,
				5B24E3AE1C88447300F1A521 /* RefreshViewController.m in Sources */,
				5BBE606B1C809EAF006D0595 /* AppDelegate.m in Sources */,
				5BBE610D1C85536E006D0595 /* CALayer+Aniamtion.m in Sources */,
				5B24E3A11C883B4E00F1A521 /* NSTimer+Weak.m in Sources */,
				5BBE60681C809EAF006D0595 /* main.m in Sources */,
				5B24E39E1C87ED5B00F1A521 /* NSDictionary+Safe.m in Sources */,
			);
			runOnlyForDeploymentPostprocessing = 0;
		};
/* End PBXSourcesBuildPhase section */

/* Begin PBXVariantGroup section */
		5BBE606F1C809EAF006D0595 /* Main.storyboard */ = {
			isa = PBXVariantGroup;
			children = (
				5BBE60701C809EAF006D0595 /* Base */,
			);
			name = Main.storyboard;
			sourceTree = "<group>";
		};
		5BBE60741C809EAF006D0595 /* LaunchScreen.storyboard */ = {
			isa = PBXVariantGroup;
			children = (
				5BBE60751C809EAF006D0595 /* Base */,
			);
			name = LaunchScreen.storyboard;
			sourceTree = "<group>";
		};
/* End PBXVariantGroup section */

/* Begin XCBuildConfiguration section */
		5BBE60781C809EAF006D0595 /* Debug */ = {
			isa = XCBuildConfiguration;
			buildSettings = {
				ALWAYS_SEARCH_USER_PATHS = NO;
				CLANG_CXX_LANGUAGE_STANDARD = "gnu++0x";
				CLANG_CXX_LIBRARY = "libc++";
				CLANG_ENABLE_MODULES = YES;
				CLANG_ENABLE_OBJC_ARC = YES;
				CLANG_WARN_BOOL_CONVERSION = YES;
				CLANG_WARN_CONSTANT_CONVERSION = YES;
				CLANG_WARN_DIRECT_OBJC_ISA_USAGE = YES_ERROR;
				CLANG_WARN_EMPTY_BODY = YES;
				CLANG_WARN_ENUM_CONVERSION = YES;
				CLANG_WARN_INT_CONVERSION = YES;
				CLANG_WARN_OBJC_ROOT_CLASS = YES_ERROR;
				CLANG_WARN_UNREACHABLE_CODE = YES;
				CLANG_WARN__DUPLICATE_METHOD_MATCH = YES;
				"CODE_SIGN_IDENTITY[sdk=iphoneos*]" = "iPhone Developer";
				COPY_PHASE_STRIP = NO;
				DEBUG_INFORMATION_FORMAT = dwarf;
				ENABLE_STRICT_OBJC_MSGSEND = YES;
				ENABLE_TESTABILITY = YES;
				GCC_C_LANGUAGE_STANDARD = gnu99;
				GCC_DYNAMIC_NO_PIC = NO;
				GCC_NO_COMMON_BLOCKS = YES;
				GCC_OPTIMIZATION_LEVEL = 0;
				GCC_PREPROCESSOR_DEFINITIONS = (
					"DEBUG=1",
					"$(inherited)",
				);
				GCC_WARN_64_TO_32_BIT_CONVERSION = YES;
				GCC_WARN_ABOUT_RETURN_TYPE = YES_ERROR;
				GCC_WARN_UNDECLARED_SELECTOR = YES;
				GCC_WARN_UNINITIALIZED_AUTOS = YES_AGGRESSIVE;
				GCC_WARN_UNUSED_FUNCTION = YES;
				GCC_WARN_UNUSED_VARIABLE = YES;
				IPHONEOS_DEPLOYMENT_TARGET = 9.2;
				MTL_ENABLE_DEBUG_INFO = YES;
				ONLY_ACTIVE_ARCH = YES;
				SDKROOT = iphoneos;
				TARGETED_DEVICE_FAMILY = "1,2";
			};
			name = Debug;
		};
		5BBE60791C809EAF006D0595 /* Release */ = {
			isa = XCBuildConfiguration;
			buildSettings = {
				ALWAYS_SEARCH_USER_PATHS = NO;
				CLANG_CXX_LANGUAGE_STANDARD = "gnu++0x";
				CLANG_CXX_LIBRARY = "libc++";
				CLANG_ENABLE_MODULES = YES;
				CLANG_ENABLE_OBJC_ARC = YES;
				CLANG_WARN_BOOL_CONVERSION = YES;
				CLANG_WARN_CONSTANT_CONVERSION = YES;
				CLANG_WARN_DIRECT_OBJC_ISA_USAGE = YES_ERROR;
				CLANG_WARN_EMPTY_BODY = YES;
				CLANG_WARN_ENUM_CONVERSION = YES;
				CLANG_WARN_INT_CONVERSION = YES;
				CLANG_WARN_OBJC_ROOT_CLASS = YES_ERROR;
				CLANG_WARN_UNREACHABLE_CODE = YES;
				CLANG_WARN__DUPLICATE_METHOD_MATCH = YES;
				"CODE_SIGN_IDENTITY[sdk=iphoneos*]" = "iPhone Developer";
				COPY_PHASE_STRIP = NO;
				DEBUG_INFORMATION_FORMAT = "dwarf-with-dsym";
				ENABLE_NS_ASSERTIONS = NO;
				ENABLE_STRICT_OBJC_MSGSEND = YES;
				GCC_C_LANGUAGE_STANDARD = gnu99;
				GCC_NO_COMMON_BLOCKS = YES;
				GCC_WARN_64_TO_32_BIT_CONVERSION = YES;
				GCC_WARN_ABOUT_RETURN_TYPE = YES_ERROR;
				GCC_WARN_UNDECLARED_SELECTOR = YES;
				GCC_WARN_UNINITIALIZED_AUTOS = YES_AGGRESSIVE;
				GCC_WARN_UNUSED_FUNCTION = YES;
				GCC_WARN_UNUSED_VARIABLE = YES;
				IPHONEOS_DEPLOYMENT_TARGET = 9.2;
				MTL_ENABLE_DEBUG_INFO = NO;
				SDKROOT = iphoneos;
				TARGETED_DEVICE_FAMILY = "1,2";
				VALIDATE_PRODUCT = YES;
			};
			name = Release;
		};
		5BBE607B1C809EAF006D0595 /* Debug */ = {
			isa = XCBuildConfiguration;
			buildSettings = {
				ASSETCATALOG_COMPILER_APPICON_NAME = AppIcon;
				CODE_SIGN_IDENTITY = "iPhone Developer";
				INFOPLIST_FILE = Component/Info.plist;
				LD_RUNPATH_SEARCH_PATHS = "$(inherited) @executable_path/Frameworks";
				PRODUCT_BUNDLE_IDENTIFIER = com.pingan.Component;
				PRODUCT_NAME = "$(TARGET_NAME)";
			};
			name = Debug;
		};
		5BBE607C1C809EAF006D0595 /* Release */ = {
			isa = XCBuildConfiguration;
			buildSettings = {
				ASSETCATALOG_COMPILER_APPICON_NAME = AppIcon;
				CODE_SIGN_IDENTITY = "iPhone Developer";
				INFOPLIST_FILE = Component/Info.plist;
				LD_RUNPATH_SEARCH_PATHS = "$(inherited) @executable_path/Frameworks";
				PRODUCT_BUNDLE_IDENTIFIER = com.pingan.Component;
				PRODUCT_NAME = "$(TARGET_NAME)";
			};
			name = Release;
		};
/* End XCBuildConfiguration section */

/* Begin XCConfigurationList section */
		5BBE605E1C809EAF006D0595 /* Build configuration list for PBXProject "Component" */ = {
			isa = XCConfigurationList;
			buildConfigurations = (
				5BBE60781C809EAF006D0595 /* Debug */,
				5BBE60791C809EAF006D0595 /* Release */,
			);
			defaultConfigurationIsVisible = 0;
			defaultConfigurationName = Release;
		};
		5BBE607A1C809EAF006D0595 /* Build configuration list for PBXNativeTarget "Component" */ = {
			isa = XCConfigurationList;
			buildConfigurations = (
				5BBE607B1C809EAF006D0595 /* Debug */,
				5BBE607C1C809EAF006D0595 /* Release */,
			);
			defaultConfigurationIsVisible = 0;
			defaultConfigurationName = Release;
		};
/* End XCConfigurationList section */
	};
	rootObject = 5BBE605B1C809EAF006D0595 /* Project object */;
}
